
Microsoft Visual Studio Solution File, Format Version 12.00
# Visual Studio 15
VisualStudioVersion = 15.0.28307.852
MinimumVisualStudioVersion = 10.0.40219.1
Project("{FAE04EC0-301F-11D3-BF4B-00C04F79EFBC}") = "GameService", "Northis.BattleRoostersOnline\GameService.csproj", "{51A9CBE9-121F-40B3-9454-4684FE0B2D75}"
EndProject
Project("{FAE04EC0-301F-11D3-BF4B-00C04F79EFBC}") = "DataTransferObjects", "DataTransferObjects\DataTransferObjects.csproj", "{56B3FA9D-2EC9-4703-9000-9E9F0DD88FAC}"
EndProject
Project("{FAE04EC0-301F-11D3-BF4B-00C04F79EFBC}") = "GameService.Tests", "GameService.Tests\GameService.Tests.csproj", "{8BB0D04E-2A7C-4F47-B2BC-A66F3CE57918}"
EndProject
Global
	GlobalSection(SolutionConfigurationPlatforms) = preSolution
		Debug|Any CPU = Debug|Any CPU
		Release|Any CPU = Release|Any CPU
	EndGlobalSection
	GlobalSection(ProjectConfigurationPlatforms) = postSolution
		{51A9CBE9-121F-40B3-9454-4684FE0B2D75}.Debug|Any CPU.ActiveCfg = Debug|Any CPU
		{51A9CBE9-121F-40B3-9454-4684FE0B2D75}.Debug|Any CPU.Build.0 = Debug|Any CPU
		{51A9CBE9-121F-40B3-9454-4684FE0B2D75}.Release|Any CPU.ActiveCfg = Release|Any CPU
		{51A9CBE9-121F-40B3-9454-4684FE0B2D75}.Release|Any CPU.Build.0 = Release|Any CPU
		{56B3FA9D-2EC9-4703-9000-9E9F0DD88FAC}.Debug|Any CPU.ActiveCfg = Debug|Any CPU
		{56B3FA9D-2EC9-4703-9000-9E9F0DD88FAC}.Debug|Any CPU.Build.0 = Debug|Any CPU
		{56B3FA9D-2EC9-4703-9000-9E9F0DD88FAC}.Release|Any CPU.ActiveCfg = Release|Any CPU
		{56B3FA9D-2EC9-4703-9000-9E9F0DD88FAC}.Release|Any CPU.Build.0 = Release|Any CPU
		{8BB0D04E-2A7C-4F47-B2BC-A66F3CE57918}.Debug|Any CPU.ActiveCfg = Debug|Any CPU
		{8BB0D04E-2A7C-4F47-B2BC-A66F3CE57918}.Debug|Any CPU.Build.0 = Debug|Any CPU
		{8BB0D04E-2A7C-4F47-B2BC-A66F3CE57918}.Release|Any CPU.ActiveCfg = Release|Any CPU
		{8BB0D04E-2A7C-4F47-B2BC-A66F3CE57918}.Release|Any CPU.Build.0 = Release|Any CPU
	EndGlobalSection
	GlobalSection(SolutionProperties) = preSolution
		HideSolutionNode = FALSE
	EndGlobalSection
	GlobalSection(ExtensibilityGlobals) = postSolution
		SolutionGuid = {279D6EBD-1D61-4A03-8637-F3864A751356}
	EndGlobalSection
EndGlobal
