
Microsoft Visual Studio Solution File, Format Version 12.00
# Visual Studio 15
VisualStudioVersion = 15.0.28307.852
MinimumVisualStudioVersion = 10.0.40219.1
Project("{FAE04EC0-301F-11D3-BF4B-00C04F79EFBC}") = "Northis.BattleRoostersOnline.Service", "Northis.BattleRoostersOnline.Service\Northis.BattleRoostersOnline.Service.csproj", "{51A9CBE9-121F-40B3-9454-4684FE0B2D75}"
EndProject
Project("{FAE04EC0-301F-11D3-BF4B-00C04F79EFBC}") = "Northis.BattleRoostersOnline.Dto", "Northis.BattleRoostersOnline.Dto\Northis.BattleRoostersOnline.Dto.csproj", "{56B3FA9D-2EC9-4703-9000-9E9F0DD88FAC}"
EndProject
Project("{FAE04EC0-301F-11D3-BF4B-00C04F79EFBC}") = "Northis.BattleRoostersOnline.Server", "Northis.BattleRoostersOnline.Server\Northis.BattleRoostersOnline.Server.csproj", "{D1E44F17-8BEE-430D-AEB1-E0C1446C4692}"
EndProject
Project("{FAE04EC0-301F-11D3-BF4B-00C04F79EFBC}") = "Northis.BattleRoostersOnline.Client", "Northis.BattleRoostersOnline.Client\Northis.BattleRoostersOnline.Client.csproj", "{6EC71B20-5FD2-4242-A975-889BE84194A0}"
	ProjectSection(ProjectDependencies) = postProject
		{51A9CBE9-121F-40B3-9454-4684FE0B2D75} = {51A9CBE9-121F-40B3-9454-4684FE0B2D75}
	EndProjectSection
EndProject
Project("{FAE04EC0-301F-11D3-BF4B-00C04F79EFBC}") = "Northis.BattleRoostersOnline.Service.Tests", "Northis.BattleRoostersOnline.Service.Tests\Northis.BattleRoostersOnline.Service.Tests.csproj", "{C361A8A7-6FD9-49FD-BBA5-D332C3C3E4E0}"
EndProject
Global
	GlobalSection(SolutionConfigurationPlatforms) = preSolution
		Debug|Any CPU = Debug|Any CPU
		Release|Any CPU = Release|Any CPU
	EndGlobalSection
	GlobalSection(ProjectConfigurationPlatforms) = postSolution
		{51A9CBE9-121F-40B3-9454-4684FE0B2D75}.Debug|Any CPU.ActiveCfg = Debug|Any CPU
		{51A9CBE9-121F-40B3-9454-4684FE0B2D75}.Debug|Any CPU.Build.0 = Debug|Any CPU
		{51A9CBE9-121F-40B3-9454-4684FE0B2D75}.Release|Any CPU.ActiveCfg = Release|Any CPU
		{51A9CBE9-121F-40B3-9454-4684FE0B2D75}.Release|Any CPU.Build.0 = Release|Any CPU
		{56B3FA9D-2EC9-4703-9000-9E9F0DD88FAC}.Debug|Any CPU.ActiveCfg = Debug|Any CPU
		{56B3FA9D-2EC9-4703-9000-9E9F0DD88FAC}.Debug|Any CPU.Build.0 = Debug|Any CPU
		{56B3FA9D-2EC9-4703-9000-9E9F0DD88FAC}.Release|Any CPU.ActiveCfg = Release|Any CPU
		{56B3FA9D-2EC9-4703-9000-9E9F0DD88FAC}.Release|Any CPU.Build.0 = Release|Any CPU
		{D1E44F17-8BEE-430D-AEB1-E0C1446C4692}.Debug|Any CPU.ActiveCfg = Debug|Any CPU
		{D1E44F17-8BEE-430D-AEB1-E0C1446C4692}.Debug|Any CPU.Build.0 = Debug|Any CPU
		{D1E44F17-8BEE-430D-AEB1-E0C1446C4692}.Release|Any CPU.ActiveCfg = Release|Any CPU
		{D1E44F17-8BEE-430D-AEB1-E0C1446C4692}.Release|Any CPU.Build.0 = Release|Any CPU
		{6EC71B20-5FD2-4242-A975-889BE84194A0}.Debug|Any CPU.ActiveCfg = Debug|Any CPU
		{6EC71B20-5FD2-4242-A975-889BE84194A0}.Debug|Any CPU.Build.0 = Debug|Any CPU
		{6EC71B20-5FD2-4242-A975-889BE84194A0}.Release|Any CPU.ActiveCfg = Release|Any CPU
		{6EC71B20-5FD2-4242-A975-889BE84194A0}.Release|Any CPU.Build.0 = Release|Any CPU
		{C361A8A7-6FD9-49FD-BBA5-D332C3C3E4E0}.Debug|Any CPU.ActiveCfg = Debug|Any CPU
		{C361A8A7-6FD9-49FD-BBA5-D332C3C3E4E0}.Debug|Any CPU.Build.0 = Debug|Any CPU
		{C361A8A7-6FD9-49FD-BBA5-D332C3C3E4E0}.Release|Any CPU.ActiveCfg = Release|Any CPU
		{C361A8A7-6FD9-49FD-BBA5-D332C3C3E4E0}.Release|Any CPU.Build.0 = Release|Any CPU
	EndGlobalSection
	GlobalSection(SolutionProperties) = preSolution
		HideSolutionNode = FALSE
	EndGlobalSection
	GlobalSection(ExtensibilityGlobals) = postSolution
		SolutionGuid = {279D6EBD-1D61-4A03-8637-F3864A751356}
	EndGlobalSection
EndGlobal
